
Microsoft Visual Studio Solution File, Format Version 12.00
# Visual Studio 15
VisualStudioVersion = 15.0.28307.539
MinimumVisualStudioVersion = 10.0.40219.1
Project("{8BC9CEB8-8B4A-11D0-8D11-00A0C91BC942}") = "Dynamics And Controls", "Dynamics And Controls\Dynamics And Controls.vcxproj", "{098BAE0C-20B9-4F11-840E-D96DE28FFACC}"
EndProject
Project("{2150E333-8FDC-42A3-9474-1A3956D46DE8}") = "Solution Items", "Solution Items", "{21761130-C4AE-4C5F-B632-46BC4A3960AE}"
EndProject
Global
	GlobalSection(SolutionConfigurationPlatforms) = preSolution
		Debug|x64 = Debug|x64
		Debug|x86 = Debug|x86
		Release|x64 = Release|x64
		Release|x86 = Release|x86
	EndGlobalSection
	GlobalSection(ProjectConfigurationPlatforms) = postSolution
		{098BAE0C-20B9-4F11-840E-D96DE28FFACC}.Debug|x64.ActiveCfg = Debug|x64
		{098BAE0C-20B9-4F11-840E-D96DE28FFACC}.Debug|x64.Build.0 = Debug|x64
		{098BAE0C-20B9-4F11-840E-D96DE28FFACC}.Debug|x86.ActiveCfg = Debug|Win32
		{098BAE0C-20B9-4F11-840E-D96DE28FFACC}.Debug|x86.Build.0 = Debug|Win32
		{098BAE0C-20B9-4F11-840E-D96DE28FFACC}.Release|x64.ActiveCfg = Release|x64
		{098BAE0C-20B9-4F11-840E-D96DE28FFACC}.Release|x64.Build.0 = Release|x64
		{098BAE0C-20B9-4F11-840E-D96DE28FFACC}.Release|x86.ActiveCfg = Release|Win32
		{098BAE0C-20B9-4F11-840E-D96DE28FFACC}.Release|x86.Build.0 = Release|Win32
	EndGlobalSection
	GlobalSection(SolutionProperties) = preSolution
		HideSolutionNode = FALSE
	EndGlobalSection
	GlobalSection(ExtensibilityGlobals) = postSolution
		SolutionGuid = {540F4153-7026-427A-8551-B3EEE03A38BD}
	EndGlobalSection
EndGlobal
